
Microsoft Visual Studio Solution File, Format Version 12.00
# Visual Studio Version 17
VisualStudioVersion = 17.5.33424.131
MinimumVisualStudioVersion = 10.0.40219.1
Project("{FAE04EC0-301F-11D3-BF4B-00C04F79EFBC}") = "ChallengeForEach", "ChallengeForEach\ChallengeForEach.csproj", "{18399E96-5FF5-4FA4-87D3-07D71A36F83B}"
EndProject
Global
	GlobalSection(SolutionConfigurationPlatforms) = preSolution
		Debug|Any CPU = Debug|Any CPU
		Release|Any CPU = Release|Any CPU
	EndGlobalSection
	GlobalSection(ProjectConfigurationPlatforms) = postSolution
		{18399E96-5FF5-4FA4-87D3-07D71A36F83B}.Debug|Any CPU.ActiveCfg = Debug|Any CPU
		{18399E96-5FF5-4FA4-87D3-07D71A36F83B}.Debug|Any CPU.Build.0 = Debug|Any CPU
		{18399E96-5FF5-4FA4-87D3-07D71A36F83B}.Release|Any CPU.ActiveCfg = Release|Any CPU
		{18399E96-5FF5-4FA4-87D3-07D71A36F83B}.Release|Any CPU.Build.0 = Release|Any CPU
	EndGlobalSection
	GlobalSection(SolutionProperties) = preSolution
		HideSolutionNode = FALSE
	EndGlobalSection
	GlobalSection(ExtensibilityGlobals) = postSolution
		SolutionGuid = {E1AB14B7-27EA-483B-B229-EA30B7CCA9B4}
	EndGlobalSection
EndGlobal
